{
  "name": "bager",
  "lockfileVersion": 3,
  "requires": true,
  "packages": {
    "": {
      "dependencies": {
        "@mediapipe/tasks-vision": "^0.10.14"
      }
    },
    "node_modules/@mediapipe/tasks-vision": {
      "version": "0.10.14",
      "resolved": "https://registry.npmjs.org/@mediapipe/tasks-vision/-/tasks-vision-0.10.14.tgz",
      "integrity": "sha512-vOifgZhkndgybdvoRITzRkIueWWSiCKuEUXXK6Q4FaJsFvRJuwgg++vqFUMlL0Uox62U5aEXFhHxlhV7Ja5e3Q==",
      "license": "Apache-2.0"
    }
  }
}
